
Microsoft Visual Studio Solution File, Format Version 11.00
# Visual Studio 2010
Project("{FAE04EC0-301F-11D3-BF4B-00C04F79EFBC}") = "Validation", "Validation\Validation.csproj", "{CC0F7D76-4A2F-40AD-8D31-30197F573089}"
EndProject
Global
	GlobalSection(SolutionConfigurationPlatforms) = preSolution
		Debug|Any CPU = Debug|Any CPU
		Release|Any CPU = Release|Any CPU
	EndGlobalSection
	GlobalSection(ProjectConfigurationPlatforms) = postSolution
		{CC0F7D76-4A2F-40AD-8D31-30197F573089}.Debug|Any CPU.ActiveCfg = Debug|Any CPU
		{CC0F7D76-4A2F-40AD-8D31-30197F573089}.Debug|Any CPU.Build.0 = Debug|Any CPU
		{CC0F7D76-4A2F-40AD-8D31-30197F573089}.Release|Any CPU.ActiveCfg = Release|Any CPU
		{CC0F7D76-4A2F-40AD-8D31-30197F573089}.Release|Any CPU.Build.0 = Release|Any CPU
	EndGlobalSection
	GlobalSection(SolutionProperties) = preSolution
		HideSolutionNode = FALSE
	EndGlobalSection
EndGlobal
